
Microsoft Visual Studio Solution File, Format Version 12.00
# Visual Studio 15
VisualStudioVersion = 15.0.26228.4
MinimumVisualStudioVersion = 10.0.40219.1
Project("{FAE04EC0-301F-11D3-BF4B-00C04F79EFBC}") = "TooManyRules.WebApi", "TooManyRules.WebApi\TooManyRules.WebApi.csproj", "{F989BC13-C813-4A14-80B3-104045A20991}"
EndProject
Project("{FAE04EC0-301F-11D3-BF4B-00C04F79EFBC}") = "TooManyRules.Models", "TooManyRules.Models\TooManyRules.Models.csproj", "{ADAC56D7-FD0B-4156-9A7D-EFB49B3A3E93}"
EndProject
Project("{FAE04EC0-301F-11D3-BF4B-00C04F79EFBC}") = "TooManyRules.BusinessLayer", "TooManyRules.BusinessLayer\TooManyRules.BusinessLayer.csproj", "{EC5B1433-6376-44C3-A9B9-2D6900563DA5}"
EndProject
Project("{FAE04EC0-301F-11D3-BF4B-00C04F79EFBC}") = "TooManyRules.DataAccess", "TooManyRules.DataAccess\TooManyRules.DataAccess.csproj", "{63E36BBE-00B6-43C0-AE1A-9C2E09C33E86}"
EndProject
Project("{FAE04EC0-301F-11D3-BF4B-00C04F79EFBC}") = "TooManyRules.Tests", "TooManyRules.Tests\TooManyRules.Tests.csproj", "{C4E964B1-9BFE-44F7-BE33-9CF8E3FA8BBB}"
EndProject
Project("{2150E333-8FDC-42A3-9474-1A3956D46DE8}") = "Solution Items", "Solution Items", "{D0E56DEB-78E1-4318-8296-8492168B8DF2}"
	ProjectSection(SolutionItems) = preProject
		.gitignore = .gitignore
		LICENSE = LICENSE
		README.md = README.md
	EndProjectSection
EndProject
Project("{FAE04EC0-301F-11D3-BF4B-00C04F79EFBC}") = "TooManyRules.Engine", "TooManyRules.Engine\TooManyRules.Engine.csproj", "{A8A2F5C0-4AF8-4148-8467-E93DD2BF160B}"
EndProject
Global
	GlobalSection(SolutionConfigurationPlatforms) = preSolution
		Debug|Any CPU = Debug|Any CPU
		Debug|x64 = Debug|x64
		Debug|x86 = Debug|x86
		Release|Any CPU = Release|Any CPU
		Release|x64 = Release|x64
		Release|x86 = Release|x86
	EndGlobalSection
	GlobalSection(ProjectConfigurationPlatforms) = postSolution
		{F989BC13-C813-4A14-80B3-104045A20991}.Debug|Any CPU.ActiveCfg = Debug|Any CPU
		{F989BC13-C813-4A14-80B3-104045A20991}.Debug|Any CPU.Build.0 = Debug|Any CPU
		{F989BC13-C813-4A14-80B3-104045A20991}.Debug|x64.ActiveCfg = Debug|Any CPU
		{F989BC13-C813-4A14-80B3-104045A20991}.Debug|x64.Build.0 = Debug|Any CPU
		{F989BC13-C813-4A14-80B3-104045A20991}.Debug|x86.ActiveCfg = Debug|Any CPU
		{F989BC13-C813-4A14-80B3-104045A20991}.Debug|x86.Build.0 = Debug|Any CPU
		{F989BC13-C813-4A14-80B3-104045A20991}.Release|Any CPU.ActiveCfg = Release|Any CPU
		{F989BC13-C813-4A14-80B3-104045A20991}.Release|Any CPU.Build.0 = Release|Any CPU
		{F989BC13-C813-4A14-80B3-104045A20991}.Release|x64.ActiveCfg = Release|Any CPU
		{F989BC13-C813-4A14-80B3-104045A20991}.Release|x64.Build.0 = Release|Any CPU
		{F989BC13-C813-4A14-80B3-104045A20991}.Release|x86.ActiveCfg = Release|Any CPU
		{F989BC13-C813-4A14-80B3-104045A20991}.Release|x86.Build.0 = Release|Any CPU
		{ADAC56D7-FD0B-4156-9A7D-EFB49B3A3E93}.Debug|Any CPU.ActiveCfg = Debug|Any CPU
		{ADAC56D7-FD0B-4156-9A7D-EFB49B3A3E93}.Debug|Any CPU.Build.0 = Debug|Any CPU
		{ADAC56D7-FD0B-4156-9A7D-EFB49B3A3E93}.Debug|x64.ActiveCfg = Debug|Any CPU
		{ADAC56D7-FD0B-4156-9A7D-EFB49B3A3E93}.Debug|x64.Build.0 = Debug|Any CPU
		{ADAC56D7-FD0B-4156-9A7D-EFB49B3A3E93}.Debug|x86.ActiveCfg = Debug|Any CPU
		{ADAC56D7-FD0B-4156-9A7D-EFB49B3A3E93}.Debug|x86.Build.0 = Debug|Any CPU
		{ADAC56D7-FD0B-4156-9A7D-EFB49B3A3E93}.Release|Any CPU.ActiveCfg = Release|Any CPU
		{ADAC56D7-FD0B-4156-9A7D-EFB49B3A3E93}.Release|Any CPU.Build.0 = Release|Any CPU
		{ADAC56D7-FD0B-4156-9A7D-EFB49B3A3E93}.Release|x64.ActiveCfg = Release|Any CPU
		{ADAC56D7-FD0B-4156-9A7D-EFB49B3A3E93}.Release|x64.Build.0 = Release|Any CPU
		{ADAC56D7-FD0B-4156-9A7D-EFB49B3A3E93}.Release|x86.ActiveCfg = Release|Any CPU
		{ADAC56D7-FD0B-4156-9A7D-EFB49B3A3E93}.Release|x86.Build.0 = Release|Any CPU
		{EC5B1433-6376-44C3-A9B9-2D6900563DA5}.Debug|Any CPU.ActiveCfg = Debug|Any CPU
		{EC5B1433-6376-44C3-A9B9-2D6900563DA5}.Debug|Any CPU.Build.0 = Debug|Any CPU
		{EC5B1433-6376-44C3-A9B9-2D6900563DA5}.Debug|x64.ActiveCfg = Debug|Any CPU
		{EC5B1433-6376-44C3-A9B9-2D6900563DA5}.Debug|x64.Build.0 = Debug|Any CPU
		{EC5B1433-6376-44C3-A9B9-2D6900563DA5}.Debug|x86.ActiveCfg = Debug|Any CPU
		{EC5B1433-6376-44C3-A9B9-2D6900563DA5}.Debug|x86.Build.0 = Debug|Any CPU
		{EC5B1433-6376-44C3-A9B9-2D6900563DA5}.Release|Any CPU.ActiveCfg = Release|Any CPU
		{EC5B1433-6376-44C3-A9B9-2D6900563DA5}.Release|Any CPU.Build.0 = Release|Any CPU
		{EC5B1433-6376-44C3-A9B9-2D6900563DA5}.Release|x64.ActiveCfg = Release|Any CPU
		{EC5B1433-6376-44C3-A9B9-2D6900563DA5}.Release|x64.Build.0 = Release|Any CPU
		{EC5B1433-6376-44C3-A9B9-2D6900563DA5}.Release|x86.ActiveCfg = Release|Any CPU
		{EC5B1433-6376-44C3-A9B9-2D6900563DA5}.Release|x86.Build.0 = Release|Any CPU
		{63E36BBE-00B6-43C0-AE1A-9C2E09C33E86}.Debug|Any CPU.ActiveCfg = Debug|Any CPU
		{63E36BBE-00B6-43C0-AE1A-9C2E09C33E86}.Debug|Any CPU.Build.0 = Debug|Any CPU
		{63E36BBE-00B6-43C0-AE1A-9C2E09C33E86}.Debug|x64.ActiveCfg = Debug|Any CPU
		{63E36BBE-00B6-43C0-AE1A-9C2E09C33E86}.Debug|x64.Build.0 = Debug|Any CPU
		{63E36BBE-00B6-43C0-AE1A-9C2E09C33E86}.Debug|x86.ActiveCfg = Debug|Any CPU
		{63E36BBE-00B6-43C0-AE1A-9C2E09C33E86}.Debug|x86.Build.0 = Debug|Any CPU
		{63E36BBE-00B6-43C0-AE1A-9C2E09C33E86}.Release|Any CPU.ActiveCfg = Release|Any CPU
		{63E36BBE-00B6-43C0-AE1A-9C2E09C33E86}.Release|Any CPU.Build.0 = Release|Any CPU
		{63E36BBE-00B6-43C0-AE1A-9C2E09C33E86}.Release|x64.ActiveCfg = Release|Any CPU
		{63E36BBE-00B6-43C0-AE1A-9C2E09C33E86}.Release|x64.Build.0 = Release|Any CPU
		{63E36BBE-00B6-43C0-AE1A-9C2E09C33E86}.Release|x86.ActiveCfg = Release|Any CPU
		{63E36BBE-00B6-43C0-AE1A-9C2E09C33E86}.Release|x86.Build.0 = Release|Any CPU
		{C4E964B1-9BFE-44F7-BE33-9CF8E3FA8BBB}.Debug|Any CPU.ActiveCfg = Debug|Any CPU
		{C4E964B1-9BFE-44F7-BE33-9CF8E3FA8BBB}.Debug|Any CPU.Build.0 = Debug|Any CPU
		{C4E964B1-9BFE-44F7-BE33-9CF8E3FA8BBB}.Debug|x64.ActiveCfg = Debug|Any CPU
		{C4E964B1-9BFE-44F7-BE33-9CF8E3FA8BBB}.Debug|x64.Build.0 = Debug|Any CPU
		{C4E964B1-9BFE-44F7-BE33-9CF8E3FA8BBB}.Debug|x86.ActiveCfg = Debug|Any CPU
		{C4E964B1-9BFE-44F7-BE33-9CF8E3FA8BBB}.Debug|x86.Build.0 = Debug|Any CPU
		{C4E964B1-9BFE-44F7-BE33-9CF8E3FA8BBB}.Release|Any CPU.ActiveCfg = Release|Any CPU
		{C4E964B1-9BFE-44F7-BE33-9CF8E3FA8BBB}.Release|Any CPU.Build.0 = Release|Any CPU
		{C4E964B1-9BFE-44F7-BE33-9CF8E3FA8BBB}.Release|x64.ActiveCfg = Release|Any CPU
		{C4E964B1-9BFE-44F7-BE33-9CF8E3FA8BBB}.Release|x64.Build.0 = Release|Any CPU
		{C4E964B1-9BFE-44F7-BE33-9CF8E3FA8BBB}.Release|x86.ActiveCfg = Release|Any CPU
		{C4E964B1-9BFE-44F7-BE33-9CF8E3FA8BBB}.Release|x86.Build.0 = Release|Any CPU
		{A8A2F5C0-4AF8-4148-8467-E93DD2BF160B}.Debug|Any CPU.ActiveCfg = Debug|Any CPU
		{A8A2F5C0-4AF8-4148-8467-E93DD2BF160B}.Debug|Any CPU.Build.0 = Debug|Any CPU
		{A8A2F5C0-4AF8-4148-8467-E93DD2BF160B}.Debug|x64.ActiveCfg = Debug|Any CPU
		{A8A2F5C0-4AF8-4148-8467-E93DD2BF160B}.Debug|x64.Build.0 = Debug|Any CPU
		{A8A2F5C0-4AF8-4148-8467-E93DD2BF160B}.Debug|x86.ActiveCfg = Debug|Any CPU
		{A8A2F5C0-4AF8-4148-8467-E93DD2BF160B}.Debug|x86.Build.0 = Debug|Any CPU
		{A8A2F5C0-4AF8-4148-8467-E93DD2BF160B}.Release|Any CPU.ActiveCfg = Release|Any CPU
		{A8A2F5C0-4AF8-4148-8467-E93DD2BF160B}.Release|Any CPU.Build.0 = Release|Any CPU
		{A8A2F5C0-4AF8-4148-8467-E93DD2BF160B}.Release|x64.ActiveCfg = Release|Any CPU
		{A8A2F5C0-4AF8-4148-8467-E93DD2BF160B}.Release|x64.Build.0 = Release|Any CPU
		{A8A2F5C0-4AF8-4148-8467-E93DD2BF160B}.Release|x86.ActiveCfg = Release|Any CPU
		{A8A2F5C0-4AF8-4148-8467-E93DD2BF160B}.Release|x86.Build.0 = Release|Any CPU
	EndGlobalSection
	GlobalSection(SolutionProperties) = preSolution
		HideSolutionNode = FALSE
	EndGlobalSection
EndGlobal
